github.com/cuducos/go-cnpj v0.1.2 h1:EKfO9AJPjxBh/Pc8S+SMSeXvQ7kLwhDoF6te4md58OA=
github.com/cuducos/go-cnpj v0.1.2/go.mod h1:Oe0M530eHl9eXExbNWriqTD9kMv618ScjlGtEey/f4Y=
github.com/cuducos/go-cpf v0.0.1 h1:LCyzmLSMKv49Qu+M3sozypOvT3WfZfj1/10fUUkdrdw=
github.com/cuducos/go-cpf v0.0.1/go.mod h1:+K4ER/oqiFbNHrTgg4ZZsAGdkP5C6Cj2+Dwo4Lv9p+A=
